%{
  "backoff": {:hex, :backoff, "1.1.6", "83b72ed2108ba1ee8f7d1c22e0b4a00cfe3593a67dbc792799e8cce9f42f796b", [:rebar3], [], "hexpm", "cf0cfff8995fb20562f822e5cc47d8ccf664c5ecdc26a684cbe85c225f9d7c39"},
  "bamboo": {:hex, :bamboo, "1.7.1", "7f0946e8c9081ce10d347cdba33c247c7c1c4f7dddc194ab0633603ef879bbdf", [:mix], [{:hackney, ">= 1.15.2", [hex: :hackney, repo: "hexpm", optional: false]}, {:jason, "~> 1.0", [hex: :jason, repo: "hexpm", optional: true]}, {:mime, "~> 1.4", [hex: :mime, repo: "hexpm", optional: false]}, {:phoenix, "~> 1.1", [hex: :phoenix, repo: "hexpm", optional: true]}, {:plug, "~> 1.0", [hex: :plug, repo: "hexpm", optional: false]}], "hexpm", "5fb34c3ab638fc409deec47c1e91f9d78ad95bf22ccb153588b434e1ff1aa730"},
  "bamboo_ses": {:hex, :bamboo_ses, "0.1.8", "78f36203b919cbe48003bbd3bf1bb0839941ce5aad1287f74aaa25fe8c1dfd1a", [:mix], [{:bamboo, "~> 1.0", [hex: :bamboo, repo: "hexpm", optional: false]}, {:ex_aws_ses, "~> 2.1.1", [hex: :ex_aws_ses, repo: "hexpm", optional: false]}, {:jason, "~> 1.1", [hex: :jason, repo: "hexpm", optional: false]}, {:mail, "~> 0.2.0", [hex: :mail, repo: "hexpm", optional: false]}], "hexpm", "4e7aa799e74dc98d9b4080327b3514f6d300a7ec64324f275a620ce45520bea2"},
  "bandit": {:hex, :bandit, "1.8.0", "c2e93d7e3c5c794272fa4623124f827c6f24b643acc822be64c826f9447d92fb", [:mix], [{:hpax, "~> 1.0", [hex: :hpax, repo: "hexpm", optional: false]}, {:plug, "~> 1.18", [hex: :plug, repo: "hexpm", optional: false]}, {:telemetry, "~> 0.4 or ~> 1.0", [hex: :telemetry, repo: "hexpm", optional: false]}, {:thousand_island, "~> 1.0", [hex: :thousand_island, repo: "hexpm", optional: false]}, {:websock, "~> 0.5", [hex: :websock, repo: "hexpm", optional: false]}], "hexpm", "8458ff4eed20ff2a2ea69d4854883a077c33ea42b51f6811b044ceee0fa15422"},
  "bcrypt_elixir": {:hex, :bcrypt_elixir, "3.1.0", "0b110a9a6c619b19a7f73fa3004aa11d6e719a67e672d1633dc36b6b2290a0f7", [:make, :mix], [{:comeonin, "~> 5.3", [hex: :comeonin, repo: "hexpm", optional: false]}, {:elixir_make, "~> 0.6", [hex: :elixir_make, repo: "hexpm", optional: false]}], "hexpm", "2ad2acb5a8bc049e8d5aa267802631912bb80d5f4110a178ae7999e69dca1bf7"},
  "benchfella": {:hex, :benchfella, "0.3.5", "b2122c234117b3f91ed7b43b6e915e19e1ab216971154acd0a80ce0e9b8c05f5", [:mix], [], "hexpm", "23f27cbc482cbac03fc8926441eb60a5e111759c17642bac005c3225f5eb809d"},
  "bunt": {:hex, :bunt, "1.0.0", "081c2c665f086849e6d57900292b3a161727ab40431219529f13c4ddcf3e7a44", [:mix], [], "hexpm", "dc5f86aa08a5f6fa6b8096f0735c4e76d54ae5c9fa2c143e5a1fc7c1cd9bb6b5"},
  "castore": {:hex, :castore, "1.0.15", "8aa930c890fe18b6fe0a0cff27b27d0d4d231867897bd23ea772dee561f032a3", [:mix], [], "hexpm", "96ce4c69d7d5d7a0761420ef743e2f4096253931a3ba69e5ff8ef1844fe446d3"},
  "certifi": {:hex, :certifi, "2.15.0", "0e6e882fcdaaa0a5a9f2b3db55b1394dba07e8d6d9bcad08318fb604c6839712", [:rebar3], [], "hexpm", "b147ed22ce71d72eafdad94f055165c1c182f61a2ff49df28bcc71d1d5b94a60"},
  "combine": {:hex, :combine, "0.10.0", "eff8224eeb56498a2af13011d142c5e7997a80c8f5b97c499f84c841032e429f", [:mix], [], "hexpm", "1b1dbc1790073076580d0d1d64e42eae2366583e7aecd455d1215b0d16f2451b"},
  "comeonin": {:hex, :comeonin, "5.5.1", "5113e5f3800799787de08a6e0db307133850e635d34e9fab23c70b6501669510", [:mix], [], "hexpm", "65aac8f19938145377cee73973f192c5645873dcf550a8a6b18187d17c13ccdb"},
  "connection": {:hex, :connection, "1.1.0", "ff2a49c4b75b6fb3e674bfc5536451607270aac754ffd1bdfe175abe4a6d7a68", [:mix], [], "hexpm", "722c1eb0a418fbe91ba7bd59a47e28008a189d47e37e0e7bb85585a016b2869c"},
  "corsica": {:hex, :corsica, "1.3.0", "bbec02ccbeca1fdf44ee23b25a8ae32f7c6c28fc127ef8836dd8420e8f65bd9b", [:mix], [{:plug, "~> 1.0", [hex: :plug, repo: "hexpm", optional: false]}], "hexpm", "8847ec817554047e9aa6d9933539cacb10c4ee60b58e0c15c3b380c5b737b35f"},
  "credo": {:hex, :credo, "1.7.10", "6e64fe59be8da5e30a1b96273b247b5cf1cc9e336b5fd66302a64b25749ad44d", [:mix], [{:bunt, "~> 0.2.1 or ~> 1.0", [hex: :bunt, repo: "hexpm", optional: false]}, {:file_system, "~> 0.2 or ~> 1.0", [hex: :file_system, repo: "hexpm", optional: false]}, {:jason, "~> 1.0", [hex: :jason, repo: "hexpm", optional: false]}], "hexpm", "71fbc9a6b8be21d993deca85bf151df023a3097b01e09a2809d460348561d8cd"},
  "decimal": {:hex, :decimal, "2.3.0", "3ad6255aa77b4a3c4f818171b12d237500e63525c2fd056699967a3e7ea20f62", [:mix], [], "hexpm", "a4d66355cb29cb47c3cf30e71329e58361cfcb37c34235ef3bf1d7bf3773aeac"},
  "dialyxir": {:hex, :dialyxir, "1.4.5", "ca1571ac18e0f88d4ab245f0b60fa31ff1b12cbae2b11bd25d207f865e8ae78a", [:mix], [{:erlex, ">= 0.2.7", [hex: :erlex, repo: "hexpm", optional: false]}], "hexpm", "b0fb08bb8107c750db5c0b324fa2df5ceaa0f9307690ee3c1f6ba5b9eb5d35c3"},
  "diskusage_logger": {:hex, :diskusage_logger, "0.2.0", "04fc48b538fe4de43153542a71ea94f623d54707d85844123baacfceedf625c3", [:mix], [], "hexpm", "e3f2aed1b0fc4590931c089a6453a4c4eb4c945912aa97bcabcc0cff7851f34d"},
  "earmark_parser": {:hex, :earmark_parser, "1.4.39", "424642f8335b05bb9eb611aa1564c148a8ee35c9c8a8bba6e129d51a3e3c6769", [:mix], [], "hexpm", "06553a88d1f1846da9ef066b87b57c6f605552cfbe40d20bd8d59cc6bde41944"},
  "ehmon": {:git, "https://github.com/mbta/ehmon.git", "a83590e82c09e9e4d2fdf89f1b9473e1181acbcc", [branch: "master"]},
  "elixir_make": {:hex, :elixir_make, "0.8.3", "d38d7ee1578d722d89b4d452a3e36bcfdc644c618f0d063b874661876e708683", [:mix], [{:castore, "~> 0.1 or ~> 1.0", [hex: :castore, repo: "hexpm", optional: true]}, {:certifi, "~> 2.0", [hex: :certifi, repo: "hexpm", optional: true]}], "hexpm", "5c99a18571a756d4af7a4d89ca75c28ac899e6103af6f223982f09ce44942cc9"},
  "email_checker": {:hex, :email_checker, "0.2.4", "2bf246646678c8a366f2f6d2394845facb87c025ceddbd699019d387726548aa", [:mix], [{:socket, "~> 0.3.1", [hex: :socket, repo: "hexpm", optional: true]}], "hexpm", "e4ac0e5eb035dce9c8df08ebffdb525a5d82e61dde37390ac2469222f723e50a"},
  "emqtt_failover": {:hex, :emqtt_failover, "0.3.2", "d6ece68d3f691ad0c42787dbfb7ae7f48ed0400504b4697fcd63a56ba73ed9ee", [:mix], [{:backoff, "~> 1.1.6", [hex: :backoff, repo: "hexpm", optional: false]}], "hexpm", "69b1c0d53a4f9752c365dc9c13b8eaeb5ac9286540f326ca71cdf36ada8307c5"},
  "erlex": {:hex, :erlex, "0.2.7", "810e8725f96ab74d17aac676e748627a07bc87eb950d2b83acd29dc047a30595", [:mix], [], "hexpm", "3ed95f79d1a844c3f6bf0cea61e0d5612a42ce56da9c03f01df538685365efb0"},
  "ex_aws": {:hex, :ex_aws, "2.6.0", "346e87e35e5df0b3c016a96fb30adf6001de102981a71648dfc3ce3ad04765af", [:mix], [{:configparser_ex, "~> 5.0", [hex: :configparser_ex, repo: "hexpm", optional: true]}, {:hackney, "~> 1.16", [hex: :hackney, repo: "hexpm", optional: true]}, {:jason, "~> 1.1", [hex: :jason, repo: "hexpm", optional: true]}, {:jsx, "~> 2.8 or ~> 3.0", [hex: :jsx, repo: "hexpm", optional: true]}, {:mime, "~> 1.2 or ~> 2.0", [hex: :mime, repo: "hexpm", optional: false]}, {:req, "~> 0.5.10 or ~> 0.6 or ~> 1.0", [hex: :req, repo: "hexpm", optional: true]}, {:sweet_xml, "~> 0.7", [hex: :sweet_xml, repo: "hexpm", optional: true]}, {:telemetry, "~> 0.4.3 or ~> 1.0", [hex: :telemetry, repo: "hexpm", optional: false]}], "hexpm", "30729ee9cbaacda674a4e4260d74206fa89bcd712267c4eaf42a0fc34592c0b3"},
  "ex_aws_dynamo": {:hex, :ex_aws_dynamo, "4.2.2", "7f7975b14f9999749b1dfb5bfff87fd80367dffcc2fe2dfea5a540ac216f5fe3", [:mix], [{:ex_aws, ">= 2.4.0", [hex: :ex_aws, repo: "hexpm", optional: false]}], "hexpm", "e61ee3e6b9e25794592059cd81356ebfc57676d9ff82755316925bf7feca672e"},
  "ex_aws_elastic_load_balancing": {:hex, :ex_aws_elastic_load_balancing, "2.1.1", "541f513d68040c5a97e7d02cb664f338c099232422f8a9dfd75256c88385d0cf", [:mix], [{:ex_aws, "~> 2.0", [hex: :ex_aws, repo: "hexpm", optional: false]}, {:poison, ">= 1.2.0", [hex: :poison, repo: "hexpm", optional: true]}, {:sweet_xml, "~> 0.6", [hex: :sweet_xml, repo: "hexpm", optional: true]}], "hexpm", "e9942d2bd4dd0b8dc6e5af70bde3e07f94ebc80782a68a95773fba83eec6289c"},
  "ex_aws_s3": {:hex, :ex_aws_s3, "2.5.8", "5ee7407bc8252121ad28fba936b3b293f4ecef93753962351feb95b8a66096fa", [:mix], [{:ex_aws, "~> 2.0", [hex: :ex_aws, repo: "hexpm", optional: false]}, {:sweet_xml, ">= 0.0.0", [hex: :sweet_xml, repo: "hexpm", optional: true]}], "hexpm", "84e512ca2e0ae6a6c497036dff06d4493ffb422cfe476acc811d7c337c16691c"},
  "ex_aws_ses": {:hex, :ex_aws_ses, "2.1.1", "7324f2d0038203c70f8b9f5d0f0473a1f473b94e8eca57c84bf4b6aac04d584b", [:mix], [{:ex_aws, "~> 2.0", [hex: :ex_aws, repo: "hexpm", optional: false]}], "hexpm", "86c8a7b139533649c21c4ace6b625f7f2dd2a9190285dd1dc8e0cb9b4002dd19"},
  "ex_doc": {:hex, :ex_doc, "0.32.1", "21e40f939515373bcdc9cffe65f3b3543f05015ac6c3d01d991874129d173420", [:mix], [{:earmark_parser, "~> 1.4.39", [hex: :earmark_parser, repo: "hexpm", optional: false]}, {:makeup_c, ">= 0.1.1", [hex: :makeup_c, repo: "hexpm", optional: true]}, {:makeup_elixir, "~> 0.14", [hex: :makeup_elixir, repo: "hexpm", optional: false]}, {:makeup_erlang, "~> 0.1", [hex: :makeup_erlang, repo: "hexpm", optional: false]}], "hexpm", "5142c9db521f106d61ff33250f779807ed2a88620e472ac95dc7d59c380113da"},
  "ex_json_schema": {:hex, :ex_json_schema, "0.11.1", "b593f92937a095f66054bb318681397dfe7304e7d2b6b1a7534ea3aa40024f8c", [:mix], [{:decimal, "~> 2.0", [hex: :decimal, repo: "hexpm", optional: false]}], "hexpm", "32d651a575a6ce2fd613f140b0fef8dd0acc7cf8e8bcd29a3a1be5c945700dd5"},
  "ex_maybe": {:hex, :ex_maybe, "1.1.1", "95c0188191b43bd278e876ae4f0a688922e3ca016a9efd97ee7a0b741a61b899", [:mix], [], "hexpm", "1af8c78c915c7f119a513b300a1702fc5cc9fed42d54fd85995265e4c4b763d2"},
  "expo": {:hex, :expo, "1.1.0", "f7b9ed7fb5745ebe1eeedf3d6f29226c5dd52897ac67c0f8af62a07e661e5c75", [:mix], [], "hexpm", "fbadf93f4700fb44c331362177bdca9eeb8097e8b0ef525c9cc501cb9917c960"},
  "fast_local_datetime": {:hex, :fast_local_datetime, "1.0.1", "1a7babf4a7bbcadd665c635e4b585ecfb24f07349ea5391e45458f239122c4bc", [:mix], [{:tzdata, "~> 1.0", [hex: :tzdata, repo: "hexpm", optional: false]}], "hexpm", "b3ea84154c5937e3894247edb60f57635f77e5f2ec2ba4742b7522081d7acf6d"},
  "file_system": {:hex, :file_system, "1.0.1", "79e8ceaddb0416f8b8cd02a0127bdbababe7bf4a23d2a395b983c1f8b3f73edd", [:mix], [], "hexpm", "4414d1f38863ddf9120720cd976fce5bdde8e91d8283353f0e31850fa89feb9e"},
  "finch": {:hex, :finch, "0.20.0", "5330aefb6b010f424dcbbc4615d914e9e3deae40095e73ab0c1bb0968933cadf", [:mix], [{:mime, "~> 1.0 or ~> 2.0", [hex: :mime, repo: "hexpm", optional: false]}, {:mint, "~> 1.6.2 or ~> 1.7", [hex: :mint, repo: "hexpm", optional: false]}, {:nimble_options, "~> 0.4 or ~> 1.0", [hex: :nimble_options, repo: "hexpm", optional: false]}, {:nimble_pool, "~> 1.1", [hex: :nimble_pool, repo: "hexpm", optional: false]}, {:telemetry, "~> 0.4 or ~> 1.0", [hex: :telemetry, repo: "hexpm", optional: false]}], "hexpm", "2658131a74d051aabfcba936093c903b8e89da9a1b63e430bee62045fa9b2ee2"},
  "gettext": {:hex, :gettext, "0.26.2", "5978aa7b21fada6deabf1f6341ddba50bc69c999e812211903b169799208f2a8", [:mix], [{:expo, "~> 0.5.1 or ~> 1.0", [hex: :expo, repo: "hexpm", optional: false]}], "hexpm", "aa978504bcf76511efdc22d580ba08e2279caab1066b76bb9aa81c4a1e0a32a5"},
  "goth": {:hex, :goth, "1.4.5", "ee37f96e3519bdecd603f20e7f10c758287088b6d77c0147cd5ee68cf224aade", [:mix], [{:finch, "~> 0.17", [hex: :finch, repo: "hexpm", optional: false]}, {:jason, "~> 1.1", [hex: :jason, repo: "hexpm", optional: false]}, {:jose, "~> 1.11", [hex: :jose, repo: "hexpm", optional: false]}], "hexpm", "0fc2dce5bd710651ed179053d0300ce3a5d36afbdde11e500d57f05f398d5ed5"},
  "hackney": {:hex, :hackney, "1.25.0", "390e9b83f31e5b325b9f43b76e1a785cbdb69b5b6cd4e079aa67835ded046867", [:rebar3], [{:certifi, "~> 2.15.0", [hex: :certifi, repo: "hexpm", optional: false]}, {:idna, "~> 6.1.0", [hex: :idna, repo: "hexpm", optional: false]}, {:metrics, "~> 1.0.0", [hex: :metrics, repo: "hexpm", optional: false]}, {:mimerl, "~> 1.4", [hex: :mimerl, repo: "hexpm", optional: false]}, {:parse_trans, "3.4.1", [hex: :parse_trans, repo: "hexpm", optional: false]}, {:ssl_verify_fun, "~> 1.1.0", [hex: :ssl_verify_fun, repo: "hexpm", optional: false]}, {:unicode_util_compat, "~> 0.7.1", [hex: :unicode_util_compat, repo: "hexpm", optional: false]}], "hexpm", "7209bfd75fd1f42467211ff8f59ea74d6f2a9e81cbcee95a56711ee79fd6b1d4"},
  "hpax": {:hex, :hpax, "1.0.3", "ed67ef51ad4df91e75cc6a1494f851850c0bd98ebc0be6e81b026e765ee535aa", [:mix], [], "hexpm", "8eab6e1cfa8d5918c2ce4ba43588e894af35dbd8e91e6e55c817bca5847df34a"},
  "httpoison": {:hex, :httpoison, "2.2.3", "a599d4b34004cc60678999445da53b5e653630651d4da3d14675fedc9dd34bd6", [:mix], [{:hackney, "~> 1.21", [hex: :hackney, repo: "hexpm", optional: false]}], "hexpm", "fa0f2e3646d3762fdc73edb532104c8619c7636a6997d20af4003da6cfc53e53"},
  "idna": {:hex, :idna, "6.1.1", "8a63070e9f7d0c62eb9d9fcb360a7de382448200fbbd1b106cc96d3d8099df8d", [:rebar3], [{:unicode_util_compat, "~> 0.7.0", [hex: :unicode_util_compat, repo: "hexpm", optional: false]}], "hexpm", "92376eb7894412ed19ac475e4a86f7b413c1b9fbb5bd16dccd57934157944cea"},
  "inflex": {:hex, :inflex, "1.10.0", "8366a7696e70e1813aca102e61274addf85d99f4a072b2f9c7984054ea1b9d29", [:mix], [], "hexpm", "7b5ccb9b720c26516f5962dc4565fc26f083ca107b0f6c167048506a125d2df3"},
  "ja_serializer": {:git, "https://github.com/mbta/ja_serializer.git", "efb1d4489809e31e4b54b4af9e85f0b3ceeb650b", [branch: "master"]},
  "jason": {:hex, :jason, "1.4.4", "b9226785a9aa77b6857ca22832cffa5d5011a667207eb2a0ad56adb5db443b8a", [:mix], [{:decimal, "~> 1.0 or ~> 2.0", [hex: :decimal, repo: "hexpm", optional: true]}], "hexpm", "c5eb0cab91f094599f94d55bc63409236a8ec69a21a67814529e8d5f6cc90b3b"},
  "jose": {:hex, :jose, "1.11.10", "a903f5227417bd2a08c8a00a0cbcc458118be84480955e8d251297a425723f83", [:mix, :rebar3], [], "hexpm", "0d6cd36ff8ba174db29148fc112b5842186b68a90ce9fc2b3ec3afe76593e614"},
  "lasso": {:hex, :lasso, "0.1.4", "c4ae258fb7d0ef5ae217822b4d90c34cda2d9389ebb793330184d8bc626f8617", [:mix], [{:bandit, "~> 1.0", [hex: :bandit, repo: "hexpm", optional: false]}], "hexpm", "24a3bbf06e03508b4c81cb257a47809b81e6e81ed12773c23ef0f86d0b87d393"},
  "lcov_ex": {:hex, :lcov_ex, "0.3.1", "5356fdd78fc52cb0fedb7070ed477bb7fb78db062216b15993592c6f5ab66b0d", [:mix], [], "hexpm", "9ae50bbd519cd196428251b703e27160f7ce3568ff793bbd81a66d73a0867b05"},
  "logster": {:hex, :logster, "1.1.1", "d6fddac540dd46adde0c894024500867fe63b0043713f842c62da5815e21db10", [:mix], [{:jason, "~> 1.1", [hex: :jason, repo: "hexpm", optional: false]}, {:plug, "~> 1.0", [hex: :plug, repo: "hexpm", optional: false]}], "hexpm", "d18e852c430812ad1c9756998ebe46ec814c724e6eb551a512d7e3f8dee24cef"},
  "mail": {:hex, :mail, "0.2.3", "2c6bb5f8a5f74845fa50ecd0fb45ea16b164026f285f45104f1c4c078cd616d4", [:mix], [], "hexpm", "932b398fa9c69fdf290d7ff63175826e0f1e24414d5b0763bb00a2acfc6c6bf5"},
  "makeup": {:hex, :makeup, "1.1.1", "fa0bc768698053b2b3869fa8a62616501ff9d11a562f3ce39580d60860c3a55e", [:mix], [{:nimble_parsec, "~> 1.2.2 or ~> 1.3", [hex: :nimble_parsec, repo: "hexpm", optional: false]}], "hexpm", "5dc62fbdd0de44de194898b6710692490be74baa02d9d108bc29f007783b0b48"},
  "makeup_elixir": {:hex, :makeup_elixir, "0.16.2", "627e84b8e8bf22e60a2579dad15067c755531fea049ae26ef1020cad58fe9578", [:mix], [{:makeup, "~> 1.0", [hex: :makeup, repo: "hexpm", optional: false]}, {:nimble_parsec, "~> 1.2.3 or ~> 1.3", [hex: :nimble_parsec, repo: "hexpm", optional: false]}], "hexpm", "41193978704763f6bbe6cc2758b84909e62984c7752b3784bd3c218bb341706b"},
  "makeup_erlang": {:hex, :makeup_erlang, "0.1.5", "e0ff5a7c708dda34311f7522a8758e23bfcd7d8d8068dc312b5eb41c6fd76eba", [:mix], [{:makeup, "~> 1.0", [hex: :makeup, repo: "hexpm", optional: false]}], "hexpm", "94d2e986428585a21516d7d7149781480013c56e30c6a233534bedf38867a59a"},
  "matrix_reloaded": {:hex, :matrix_reloaded, "2.3.0", "eea41bc6713021f8f51dde0c2d6b72e695a99098753baebf0760e10aed8fa777", [:mix], [{:ex_maybe, "~> 1.0", [hex: :ex_maybe, repo: "hexpm", optional: false]}, {:result, "~> 1.7", [hex: :result, repo: "hexpm", optional: false]}], "hexpm", "4013c0cebe5dfffc8f2316675b642fb2f5a1dfc4bdc40d2c0dfa0563358fa496"},
  "memcachex": {:hex, :memcachex, "0.5.7", "00dc47d926eba11dfc1f2db606c37caff34d9fafd57f0adc10b49418931e77af", [:mix], [{:connection, "~> 1.0", [hex: :connection, repo: "hexpm", optional: false]}, {:poison, "~> 2.1 or ~> 3.0 or ~> 4.0 or ~> 5.0 or ~> 6.0", [hex: :poison, repo: "hexpm", optional: true]}, {:telemetry, "~> 0.4.0 or ~> 1.0", [hex: :telemetry, repo: "hexpm", optional: false]}], "hexpm", "a75e5b712c17bc25326c03c4c1b45fae39816b6fdacce3242724c7131f210ec1"},
  "metrics": {:hex, :metrics, "1.0.1", "25f094dea2cda98213cecc3aeff09e940299d950904393b2a29d191c346a8486", [:rebar3], [], "hexpm", "69b09adddc4f74a40716ae54d140f93beb0fb8978d8636eaded0c31b6f099f16"},
  "mime": {:hex, :mime, "1.6.0", "dabde576a497cef4bbdd60aceee8160e02a6c89250d6c0b29e56c0dfb00db3d2", [:mix], [], "hexpm", "31a1a8613f8321143dde1dafc36006a17d28d02bdfecb9e95a880fa7aabd19a7"},
  "mimerl": {:hex, :mimerl, "1.4.0", "3882a5ca67fbbe7117ba8947f27643557adec38fa2307490c4c4207624cb213b", [:rebar3], [], "hexpm", "13af15f9f68c65884ecca3a3891d50a7b57d82152792f3e19d88650aa126b144"},
  "mint": {:hex, :mint, "1.7.1", "113fdb2b2f3b59e47c7955971854641c61f378549d73e829e1768de90fc1abf1", [:mix], [{:castore, "~> 0.1.0 or ~> 1.0", [hex: :castore, repo: "hexpm", optional: true]}, {:hpax, "~> 0.1.1 or ~> 0.2.0 or ~> 1.0", [hex: :hpax, repo: "hexpm", optional: false]}], "hexpm", "fceba0a4d0f24301ddee3024ae116df1c3f4bb7a563a731f45fdfeb9d39a231b"},
  "mix_audit": {:hex, :mix_audit, "2.1.5", "c0f77cee6b4ef9d97e37772359a187a166c7a1e0e08b50edf5bf6959dfe5a016", [:make, :mix], [{:jason, "~> 1.4", [hex: :jason, repo: "hexpm", optional: false]}, {:yaml_elixir, "~> 2.11", [hex: :yaml_elixir, repo: "hexpm", optional: false]}], "hexpm", "87f9298e21da32f697af535475860dc1d3617a010e0b418d2ec6142bc8b42d69"},
  "mox": {:hex, :mox, "1.0.2", "dc2057289ac478b35760ba74165b4b3f402f68803dd5aecd3bfd19c183815d64", [:mix], [], "hexpm", "f9864921b3aaf763c8741b5b8e6f908f44566f1e427b2630e89e9a73b981fef2"},
  "nimble_csv": {:hex, :nimble_csv, "1.2.0", "4e26385d260c61eba9d4412c71cea34421f296d5353f914afe3f2e71cce97722", [:mix], [], "hexpm", "d0628117fcc2148178b034044c55359b26966c6eaa8e2ce15777be3bbc91b12a"},
  "nimble_options": {:hex, :nimble_options, "1.1.1", "e3a492d54d85fc3fd7c5baf411d9d2852922f66e69476317787a7b2bb000a61b", [:mix], [], "hexpm", "821b2470ca9442c4b6984882fe9bb0389371b8ddec4d45a9504f00a66f650b44"},
  "nimble_parsec": {:hex, :nimble_parsec, "1.4.0", "51f9b613ea62cfa97b25ccc2c1b4216e81df970acd8e16e8d1bdc58fef21370d", [:mix], [], "hexpm", "9c565862810fb383e9838c1dd2d7d2c437b3d13b267414ba6af33e50d2d1cf28"},
  "nimble_pool": {:hex, :nimble_pool, "1.1.0", "bf9c29fbdcba3564a8b800d1eeb5a3c58f36e1e11d7b7fb2e084a643f645f06b", [:mix], [], "hexpm", "af2e4e6b34197db81f7aad230c1118eac993acc0dae6bc83bac0126d4ae0813a"},
  "nimble_totp": {:hex, :nimble_totp, "1.0.0", "79753bae6ce59fd7cacdb21501a1dbac249e53a51c4cd22b34fa8438ee067283", [:mix], [], "hexpm", "6ce5e4c068feecdb782e85b18237f86f66541523e6bad123e02ee1adbe48eda9"},
  "parse_trans": {:hex, :parse_trans, "3.4.1", "6e6aa8167cb44cc8f39441d05193be6e6f4e7c2946cb2759f015f8c56b76e5ff", [:rebar3], [], "hexpm", "620a406ce75dada827b82e453c19cf06776be266f5a67cff34e1ef2cbb60e49a"},
  "phoenix": {:hex, :phoenix, "1.7.21", "14ca4f1071a5f65121217d6b57ac5712d1857e40a0833aff7a691b7870fc9a3b", [:mix], [{:castore, ">= 0.0.0", [hex: :castore, repo: "hexpm", optional: false]}, {:jason, "~> 1.0", [hex: :jason, repo: "hexpm", optional: true]}, {:phoenix_pubsub, "~> 2.1", [hex: :phoenix_pubsub, repo: "hexpm", optional: false]}, {:phoenix_template, "~> 1.0", [hex: :phoenix_template, repo: "hexpm", optional: false]}, {:phoenix_view, "~> 2.0", [hex: :phoenix_view, repo: "hexpm", optional: true]}, {:plug, "~> 1.14", [hex: :plug, repo: "hexpm", optional: false]}, {:plug_cowboy, "~> 2.7", [hex: :plug_cowboy, repo: "hexpm", optional: true]}, {:plug_crypto, "~> 1.2 or ~> 2.0", [hex: :plug_crypto, repo: "hexpm", optional: false]}, {:telemetry, "~> 0.4 or ~> 1.0", [hex: :telemetry, repo: "hexpm", optional: false]}, {:websock_adapter, "~> 0.5.3", [hex: :websock_adapter, repo: "hexpm", optional: false]}], "hexpm", "336dce4f86cba56fed312a7d280bf2282c720abb6074bdb1b61ec8095bdd0bc9"},
  "phoenix_html": {:hex, :phoenix_html, "4.3.0", "d3577a5df4b6954cd7890c84d955c470b5310bb49647f0a114a6eeecc850f7ad", [:mix], [], "hexpm", "3eaa290a78bab0f075f791a46a981bbe769d94bc776869f4f3063a14f30497ad"},
  "phoenix_html_helpers": {:hex, :phoenix_html_helpers, "1.0.1", "7eed85c52eff80a179391036931791ee5d2f713d76a81d0d2c6ebafe1e11e5ec", [:mix], [{:phoenix_html, "~> 4.0", [hex: :phoenix_html, repo: "hexpm", optional: false]}, {:plug, "~> 1.5", [hex: :plug, repo: "hexpm", optional: true]}], "hexpm", "cffd2385d1fa4f78b04432df69ab8da63dc5cf63e07b713a4dcf36a3740e3090"},
  "phoenix_live_view": {:hex, :phoenix_live_view, "0.20.7", "278804219cc85e00f59a02a07b8ea591d99b219877a3b984fb77ac3fdebfb696", [:mix], [{:jason, "~> 1.0", [hex: :jason, repo: "hexpm", optional: true]}, {:phoenix, "~> 1.6.15 or ~> 1.7.0", [hex: :phoenix, repo: "hexpm", optional: false]}, {:phoenix_html, "~> 3.3 or ~> 4.0", [hex: :phoenix_html, repo: "hexpm", optional: false]}, {:phoenix_template, "~> 1.0", [hex: :phoenix_template, repo: "hexpm", optional: false]}, {:phoenix_view, "~> 2.0", [hex: :phoenix_view, repo: "hexpm", optional: true]}, {:plug, "~> 1.15", [hex: :plug, repo: "hexpm", optional: false]}, {:telemetry, "~> 0.4.2 or ~> 1.0", [hex: :telemetry, repo: "hexpm", optional: false]}], "hexpm", "4d533f5d6b09c6ff4fb1f41d61dcd90c7f076f25909d4a5481d71bd442b83dc9"},
  "phoenix_pubsub": {:hex, :phoenix_pubsub, "2.1.3", "3168d78ba41835aecad272d5e8cd51aa87a7ac9eb836eabc42f6e57538e3731d", [:mix], [], "hexpm", "bba06bc1dcfd8cb086759f0edc94a8ba2bc8896d5331a1e2c2902bf8e36ee502"},
  "phoenix_swagger": {:hex, :phoenix_swagger, "0.8.2", "cc49d9641d7e7c87766ba800110ff67d2fb55379f83982ee33d85d1e0b39d100", [:mix], [{:ex_json_schema, "~> 0.6", [hex: :ex_json_schema, repo: "hexpm", optional: true]}, {:jason, "~> 1.0", [hex: :jason, repo: "hexpm", optional: true]}, {:plug, "~> 1.4", [hex: :plug, repo: "hexpm", optional: false]}, {:poison, "~> 2.2 or ~> 3.0", [hex: :poison, repo: "hexpm", optional: true]}], "hexpm", "e6d177764d75d388b199a863c5f7502ac8c202cd3fca61220807cbdcb31efef2"},
  "phoenix_template": {:hex, :phoenix_template, "1.0.4", "e2092c132f3b5e5b2d49c96695342eb36d0ed514c5b252a77048d5969330d639", [:mix], [{:phoenix_html, "~> 2.14.2 or ~> 3.0 or ~> 4.0", [hex: :phoenix_html, repo: "hexpm", optional: true]}], "hexpm", "2c0c81f0e5c6753faf5cca2f229c9709919aba34fab866d3bc05060c9c444206"},
  "phoenix_view": {:hex, :phoenix_view, "2.0.4", "b45c9d9cf15b3a1af5fb555c674b525391b6a1fe975f040fb4d913397b31abf4", [:mix], [{:phoenix_html, "~> 2.14.2 or ~> 3.0 or ~> 4.0", [hex: :phoenix_html, repo: "hexpm", optional: true]}, {:phoenix_template, "~> 1.0", [hex: :phoenix_template, repo: "hexpm", optional: false]}], "hexpm", "4e992022ce14f31fe57335db27a28154afcc94e9983266835bb3040243eb620b"},
  "plug": {:hex, :plug, "1.18.1", "5067f26f7745b7e31bc3368bc1a2b818b9779faa959b49c934c17730efc911cf", [:mix], [{:mime, "~> 1.0 or ~> 2.0", [hex: :mime, repo: "hexpm", optional: false]}, {:plug_crypto, "~> 1.1.1 or ~> 1.2 or ~> 2.0", [hex: :plug_crypto, repo: "hexpm", optional: false]}, {:telemetry, "~> 0.4.3 or ~> 1.0", [hex: :telemetry, repo: "hexpm", optional: false]}], "hexpm", "57a57db70df2b422b564437d2d33cf8d33cd16339c1edb190cd11b1a3a546cc2"},
  "plug_crypto": {:hex, :plug_crypto, "2.1.1", "19bda8184399cb24afa10be734f84a16ea0a2bc65054e23a62bb10f06bc89491", [:mix], [], "hexpm", "6470bce6ffe41c8bd497612ffde1a7e4af67f36a15eea5f921af71cf3e11247c"},
  "pngex": {:hex, :pngex, "0.1.2", "824c2da291fda236397729f236b29f87b98a434d58124ea9f7fa03d3b3cf8587", [:mix], [], "hexpm", "9f9f2d9aa286d03f6c317017a09e1b548fa0aa6b901291e24dbf65d8212b22b0"},
  "poison": {:hex, :poison, "3.1.0", "d9eb636610e096f86f25d9a46f35a9facac35609a7591b3be3326e99a0484665", [:mix], [], "hexpm", "fec8660eb7733ee4117b85f55799fd3833eb769a6df71ccf8903e8dc5447cfce"},
  "polyline": {:hex, :polyline, "1.3.0", "58b9c268b100486df504b8af9b0d341107f733227a8f8095ed457d14d721d614", [:mix], [{:vector, "~> 1.0", [hex: :vector, repo: "hexpm", optional: false]}], "hexpm", "ab37fc3ab073c32fcd3f7c5711c2c20328b750ee27a4f4fab73541afc7242f8b"},
  "proper": {:hex, :proper, "1.5.0", "4a87ce8b219858e64c9aa015f4f7ed739d0ac3ca6bfd77fa62794617ee784225", [:rebar3], [], "hexpm", "fbf7cf0625e5441a314514f7d8e1eaff52090fcd94ff34b5171ff293d3f9969a"},
  "qr_code": {:hex, :qr_code, "3.2.0", "416ad75b7284c1b43c3a248bae0304ac933dc16ba501af49f22c0262e55916e1", [:mix], [{:ex_maybe, "~> 1.1.1", [hex: :ex_maybe, repo: "hexpm", optional: false]}, {:matrix_reloaded, "~> 2.3", [hex: :matrix_reloaded, repo: "hexpm", optional: false]}, {:pngex, "~> 0.1.0", [hex: :pngex, repo: "hexpm", optional: false]}, {:result, "~> 1.7", [hex: :result, repo: "hexpm", optional: false]}, {:xml_builder, "~> 2.3", [hex: :xml_builder, repo: "hexpm", optional: false]}], "hexpm", "fc5366d61087753a781c2e2d2659fce71f91b6258c8341f0ee47f31d5a185497"},
  "recaptcha": {:git, "https://github.com/samueljseay/recaptcha.git", "71cd746be987f6834c1a933f5d2f934350e55060", [ref: "71cd746be987f6834c1a933f5d2f934350e55060"]},
  "result": {:hex, :result, "1.7.2", "a57c569f7cf5c158d2299d3b5624a48b69bd1520d0771dc711bcf9f3916e8ab6", [:mix], [], "hexpm", "89f98e98cfbf64237ecf4913aa36b76b80463e087775d19953dc4b435a35f087"},
  "rstar": {:git, "https://github.com/armon/erl-rstar.git", "a406b2cce609029bf65b9ccfbe93a0416c0ee0cd", []},
  "sentry": {:hex, :sentry, "8.1.0", "8d235b62fce5f8e067ea1644e30939405b71a5e1599d9529ff82899d11d03f2b", [:mix], [{:hackney, "~> 1.8", [hex: :hackney, repo: "hexpm", optional: true]}, {:jason, "~> 1.1", [hex: :jason, repo: "hexpm", optional: true]}, {:plug, "~> 1.6", [hex: :plug, repo: "hexpm", optional: true]}, {:plug_cowboy, "~> 2.3", [hex: :plug_cowboy, repo: "hexpm", optional: true]}], "hexpm", "f9fc7641ef61e885510f5e5963c2948b9de1de597c63f781e9d3d6c9c8681ab4"},
  "sobelow": {:hex, :sobelow, "0.14.0", "dd82aae8f72503f924fe9dd97ffe4ca694d2f17ec463dcfd365987c9752af6ee", [:mix], [{:jason, "~> 1.0", [hex: :jason, repo: "hexpm", optional: false]}], "hexpm", "7ecf91e298acfd9b24f5d761f19e8f6e6ac585b9387fb6301023f1f2cd5eed5f"},
  "ssl_verify_fun": {:hex, :ssl_verify_fun, "1.1.7", "354c321cf377240c7b8716899e182ce4890c5938111a1296add3ec74cf1715df", [:make, :mix, :rebar3], [], "hexpm", "fe4c190e8f37401d30167c8c405eda19469f34577987c76dde613e838bbc67f8"},
  "stream_data": {:hex, :stream_data, "1.2.0", "58dd3f9e88afe27dc38bef26fce0c84a9e7a96772b2925c7b32cd2435697a52b", [:mix], [], "hexpm", "eb5c546ee3466920314643edf68943a5b14b32d1da9fe01698dc92b73f89a9ed"},
  "sweet_xml": {:hex, :sweet_xml, "0.7.5", "803a563113981aaac202a1dbd39771562d0ad31004ddbfc9b5090bdcd5605277", [:mix], [], "hexpm", "193b28a9b12891cae351d81a0cead165ffe67df1b73fe5866d10629f4faefb12"},
  "telemetry": {:hex, :telemetry, "1.3.0", "fedebbae410d715cf8e7062c96a1ef32ec22e764197f70cda73d82778d61e7a2", [:rebar3], [], "hexpm", "7015fc8919dbe63764f4b4b87a95b7c0996bd539e0d499be6ec9d7f3875b79e6"},
  "thousand_island": {:hex, :thousand_island, "1.4.1", "8df065e627407e281f7935da5ad0f3842d10eb721afa92e760b720d71e2e37aa", [:mix], [{:telemetry, "~> 0.4 or ~> 1.0", [hex: :telemetry, repo: "hexpm", optional: false]}], "hexpm", "204a8640e5d2818589b87286ae66160978628d7edf6095181cbe0440765fb6c1"},
  "timex": {:hex, :timex, "3.7.13", "0688ce11950f5b65e154e42b47bf67b15d3bc0e0c3def62199991b8a8079a1e2", [:mix], [{:combine, "~> 0.10", [hex: :combine, repo: "hexpm", optional: false]}, {:gettext, "~> 0.26", [hex: :gettext, repo: "hexpm", optional: false]}, {:tzdata, "~> 1.1", [hex: :tzdata, repo: "hexpm", optional: false]}], "hexpm", "09588e0522669328e973b8b4fd8741246321b3f0d32735b589f78b136e6d4c54"},
  "tzdata": {:hex, :tzdata, "1.1.3", "b1cef7bb6de1de90d4ddc25d33892b32830f907e7fc2fccd1e7e22778ab7dfbc", [:mix], [{:hackney, "~> 1.17", [hex: :hackney, repo: "hexpm", optional: false]}], "hexpm", "d4ca85575a064d29d4e94253ee95912edfb165938743dbf002acdf0dcecb0c28"},
  "unicode_util_compat": {:hex, :unicode_util_compat, "0.7.1", "a48703a25c170eedadca83b11e88985af08d35f37c6f664d6dcfb106a97782fc", [:rebar3], [], "hexpm", "b3a917854ce3ae233619744ad1e0102e05673136776fb2fa76234f3e03b23642"},
  "uuid": {:hex, :uuid, "1.1.8", "e22fc04499de0de3ed1116b770c7737779f226ceefa0badb3592e64d5cfb4eb9", [:mix], [], "hexpm", "c790593b4c3b601f5dc2378baae7efaf5b3d73c4c6456ba85759905be792f2ac"},
  "vector": {:hex, :vector, "1.1.0", "0789b5e00e9c551d8d5880acab9a8f44ed46690d083af397018bf0c7f30c1092", [:mix], [], "hexpm", "48b0a800ec88e55b12c689b09100e4c9ba41ea1befb459221c085a4e70040696"},
  "websock": {:hex, :websock, "0.5.3", "2f69a6ebe810328555b6fe5c831a851f485e303a7c8ce6c5f675abeb20ebdadc", [:mix], [], "hexpm", "6105453d7fac22c712ad66fab1d45abdf049868f253cf719b625151460b8b453"},
  "websock_adapter": {:hex, :websock_adapter, "0.5.8", "3b97dc94e407e2d1fc666b2fb9acf6be81a1798a2602294aac000260a7c4a47d", [:mix], [{:bandit, ">= 0.6.0", [hex: :bandit, repo: "hexpm", optional: true]}, {:plug, "~> 1.14", [hex: :plug, repo: "hexpm", optional: false]}, {:plug_cowboy, "~> 2.6", [hex: :plug_cowboy, repo: "hexpm", optional: true]}, {:websock, "~> 0.5", [hex: :websock, repo: "hexpm", optional: false]}], "hexpm", "315b9a1865552212b5f35140ad194e67ce31af45bcee443d4ecb96b5fd3f3782"},
  "xml_builder": {:hex, :xml_builder, "2.4.0", "b20d23077266c81f593360dc037ea398461dddb6638a329743da6c73afa56725", [:mix], [], "hexpm", "833e325bb997f032b5a1b740d2fd6feed3c18ca74627f9f5f30513a9ae1a232d"},
  "yamerl": {:hex, :yamerl, "0.10.0", "4ff81fee2f1f6a46f1700c0d880b24d193ddb74bd14ef42cb0bcf46e81ef2f8e", [:rebar3], [], "hexpm", "346adb2963f1051dc837a2364e4acf6eb7d80097c0f53cbdc3046ec8ec4b4e6e"},
  "yaml_elixir": {:hex, :yaml_elixir, "2.12.0", "30343ff5018637a64b1b7de1ed2a3ca03bc641410c1f311a4dbdc1ffbbf449c7", [:mix], [{:yamerl, "~> 0.10", [hex: :yamerl, repo: "hexpm", optional: false]}], "hexpm", "ca6bacae7bac917a7155dca0ab6149088aa7bc800c94d0fe18c5238f53b313c6"},
}
