%{
  "backoff": {:hex, :backoff, "1.1.6", "83b72ed2108ba1ee8f7d1c22e0b4a00cfe3593a67dbc792799e8cce9f42f796b", [:rebar3], [], "hexpm", "cf0cfff8995fb20562f822e5cc47d8ccf664c5ecdc26a684cbe85c225f9d7c39"},
  "bamboo": {:hex, :bamboo, "1.7.1", "7f0946e8c9081ce10d347cdba33c247c7c1c4f7dddc194ab0633603ef879bbdf", [:mix], [{:hackney, ">= 1.15.2", [hex: :hackney, repo: "hexpm", optional: false]}, {:jason, "~> 1.0", [hex: :jason, repo: "hexpm", optional: true]}, {:mime, "~> 1.4", [hex: :mime, repo: "hexpm", optional: false]}, {:phoenix, "~> 1.1", [hex: :phoenix, repo: "hexpm", optional: true]}, {:plug, "~> 1.0", [hex: :plug, repo: "hexpm", optional: false]}], "hexpm", "5fb34c3ab638fc409deec47c1e91f9d78ad95bf22ccb153588b434e1ff1aa730"},
  "bamboo_ses": {:hex, :bamboo_ses, "0.1.8", "78f36203b919cbe48003bbd3bf1bb0839941ce5aad1287f74aaa25fe8c1dfd1a", [:mix], [{:bamboo, "~> 1.0", [hex: :bamboo, repo: "hexpm", optional: false]}, {:ex_aws_ses, "~> 2.1.1", [hex: :ex_aws_ses, repo: "hexpm", optional: false]}, {:jason, "~> 1.1", [hex: :jason, repo: "hexpm", optional: false]}, {:mail, "~> 0.2.0", [hex: :mail, repo: "hexpm", optional: false]}], "hexpm", "4e7aa799e74dc98d9b4080327b3514f6d300a7ec64324f275a620ce45520bea2"},
  "bandit": {:hex, :bandit, "1.2.2", "569fe5d0efb107c9af37a1e37e25ce2ceec293101a2d4bc512876fc3207192b5", [:mix], [{:hpax, "~> 0.1.1", [hex: :hpax, repo: "hexpm", optional: false]}, {:plug, "~> 1.14", [hex: :plug, repo: "hexpm", optional: false]}, {:telemetry, "~> 0.4 or ~> 1.0", [hex: :telemetry, repo: "hexpm", optional: false]}, {:thousand_island, "~> 1.0", [hex: :thousand_island, repo: "hexpm", optional: false]}, {:websock, "~> 0.5", [hex: :websock, repo: "hexpm", optional: false]}], "hexpm", "2f89adb7281c78d4e75733e0a9e1b24f46f84d2993963d6fa57d0eafadec5f03"},
  "bcrypt_elixir": {:hex, :bcrypt_elixir, "3.1.0", "0b110a9a6c619b19a7f73fa3004aa11d6e719a67e672d1633dc36b6b2290a0f7", [:make, :mix], [{:comeonin, "~> 5.3", [hex: :comeonin, repo: "hexpm", optional: false]}, {:elixir_make, "~> 0.6", [hex: :elixir_make, repo: "hexpm", optional: false]}], "hexpm", "2ad2acb5a8bc049e8d5aa267802631912bb80d5f4110a178ae7999e69dca1bf7"},
  "benchfella": {:hex, :benchfella, "0.3.5", "b2122c234117b3f91ed7b43b6e915e19e1ab216971154acd0a80ce0e9b8c05f5", [:mix], [], "hexpm", "23f27cbc482cbac03fc8926441eb60a5e111759c17642bac005c3225f5eb809d"},
  "bunt": {:hex, :bunt, "0.2.1", "e2d4792f7bc0ced7583ab54922808919518d0e57ee162901a16a1b6664ef3b14", [:mix], [], "hexpm", "a330bfb4245239787b15005e66ae6845c9cd524a288f0d141c148b02603777a5"},
  "castore": {:hex, :castore, "0.1.22", "4127549e411bedd012ca3a308dede574f43819fe9394254ca55ab4895abfa1a2", [:mix], [], "hexpm", "c17576df47eb5aa1ee40cc4134316a99f5cad3e215d5c77b8dd3cfef12a22cac"},
  "certifi": {:hex, :certifi, "2.12.0", "2d1cca2ec95f59643862af91f001478c9863c2ac9cb6e2f89780bfd8de987329", [:rebar3], [], "hexpm", "ee68d85df22e554040cdb4be100f33873ac6051387baf6a8f6ce82272340ff1c"},
  "combine": {:hex, :combine, "0.10.0", "eff8224eeb56498a2af13011d142c5e7997a80c8f5b97c499f84c841032e429f", [:mix], [], "hexpm", "1b1dbc1790073076580d0d1d64e42eae2366583e7aecd455d1215b0d16f2451b"},
  "comeonin": {:hex, :comeonin, "5.4.0", "246a56ca3f41d404380fc6465650ddaa532c7f98be4bda1b4656b3a37cc13abe", [:mix], [], "hexpm", "796393a9e50d01999d56b7b8420ab0481a7538d0caf80919da493b4a6e51faf1"},
  "connection": {:hex, :connection, "1.1.0", "ff2a49c4b75b6fb3e674bfc5536451607270aac754ffd1bdfe175abe4a6d7a68", [:mix], [], "hexpm", "722c1eb0a418fbe91ba7bd59a47e28008a189d47e37e0e7bb85585a016b2869c"},
  "corsica": {:hex, :corsica, "1.3.0", "bbec02ccbeca1fdf44ee23b25a8ae32f7c6c28fc127ef8836dd8420e8f65bd9b", [:mix], [{:plug, "~> 1.0", [hex: :plug, repo: "hexpm", optional: false]}], "hexpm", "8847ec817554047e9aa6d9933539cacb10c4ee60b58e0c15c3b380c5b737b35f"},
  "credo": {:hex, :credo, "1.6.7", "323f5734350fd23a456f2688b9430e7d517afb313fbd38671b8a4449798a7854", [:mix], [{:bunt, "~> 0.2.1", [hex: :bunt, repo: "hexpm", optional: false]}, {:file_system, "~> 0.2.8", [hex: :file_system, repo: "hexpm", optional: false]}, {:jason, "~> 1.0", [hex: :jason, repo: "hexpm", optional: false]}], "hexpm", "41e110bfb007f7eda7f897c10bf019ceab9a0b269ce79f015d54b0dcf4fc7dd3"},
  "dialyxir": {:hex, :dialyxir, "1.2.0", "58344b3e87c2e7095304c81a9ae65cb68b613e28340690dfe1a5597fd08dec37", [:mix], [{:erlex, ">= 0.2.6", [hex: :erlex, repo: "hexpm", optional: false]}], "hexpm", "61072136427a851674cab81762be4dbeae7679f85b1272b6d25c3a839aff8463"},
  "diskusage_logger": {:hex, :diskusage_logger, "0.2.0", "04fc48b538fe4de43153542a71ea94f623d54707d85844123baacfceedf625c3", [:mix], [], "hexpm", "e3f2aed1b0fc4590931c089a6453a4c4eb4c945912aa97bcabcc0cff7851f34d"},
  "earmark_parser": {:hex, :earmark_parser, "1.4.39", "424642f8335b05bb9eb611aa1564c148a8ee35c9c8a8bba6e129d51a3e3c6769", [:mix], [], "hexpm", "06553a88d1f1846da9ef066b87b57c6f605552cfbe40d20bd8d59cc6bde41944"},
  "ehmon": {:git, "https://github.com/mbta/ehmon.git", "1fb603262bd02d74a16183bd8f344dcace9d7561", [branch: "master"]},
  "elixir_make": {:hex, :elixir_make, "0.8.3", "d38d7ee1578d722d89b4d452a3e36bcfdc644c618f0d063b874661876e708683", [:mix], [{:castore, "~> 0.1 or ~> 1.0", [hex: :castore, repo: "hexpm", optional: true]}, {:certifi, "~> 2.0", [hex: :certifi, repo: "hexpm", optional: true]}], "hexpm", "5c99a18571a756d4af7a4d89ca75c28ac899e6103af6f223982f09ce44942cc9"},
  "email_checker": {:hex, :email_checker, "0.2.4", "2bf246646678c8a366f2f6d2394845facb87c025ceddbd699019d387726548aa", [:mix], [{:socket, "~> 0.3.1", [hex: :socket, repo: "hexpm", optional: true]}], "hexpm", "e4ac0e5eb035dce9c8df08ebffdb525a5d82e61dde37390ac2469222f723e50a"},
  "emqtt_failover": {:hex, :emqtt_failover, "0.3.0", "d75b77fe0f7ffd66523d076810a6be1ced8d88aeb7eb29fb4111082821c42bd0", [:mix], [{:backoff, "~> 1.1.6", [hex: :backoff, repo: "hexpm", optional: false]}], "hexpm", "c3612e1f0c0cbd7a5c8cf441d030fbdfd9b357be42fe936b1fb66aa1003d2bb6"},
  "erlex": {:hex, :erlex, "0.2.6", "c7987d15e899c7a2f34f5420d2a2ea0d659682c06ac607572df55a43753aa12e", [:mix], [], "hexpm", "2ed2e25711feb44d52b17d2780eabf998452f6efda104877a3881c2f8c0c0c75"},
  "ex_aws": {:hex, :ex_aws, "2.5.4", "86c5bb870a49e0ab6f5aa5dd58cf505f09d2624ebe17530db3c1b61c88a673af", [:mix], [{:configparser_ex, "~> 4.0", [hex: :configparser_ex, repo: "hexpm", optional: true]}, {:hackney, "~> 1.16", [hex: :hackney, repo: "hexpm", optional: true]}, {:jason, "~> 1.1", [hex: :jason, repo: "hexpm", optional: true]}, {:jsx, "~> 2.8 or ~> 3.0", [hex: :jsx, repo: "hexpm", optional: true]}, {:mime, "~> 1.2 or ~> 2.0", [hex: :mime, repo: "hexpm", optional: false]}, {:sweet_xml, "~> 0.7", [hex: :sweet_xml, repo: "hexpm", optional: true]}, {:telemetry, "~> 0.4.3 or ~> 1.0", [hex: :telemetry, repo: "hexpm", optional: false]}], "hexpm", "e82bd0091bb9a5bb190139599f922ff3fc7aebcca4374d65c99c4e23aa6d1625"},
  "ex_aws_dynamo": {:hex, :ex_aws_dynamo, "4.2.1", "2dad6bf93280219a6536fdf6697fc4cf5421023ce2acf56e9836829fe47773fd", [:mix], [{:ex_aws, ">= 2.4.0", [hex: :ex_aws, repo: "hexpm", optional: false]}], "hexpm", "9fb9465127a3e6cd19361ddbbfc9ce2734e0afbdd8396098f5cd11250cb4ac48"},
  "ex_aws_elastic_load_balancing": {:hex, :ex_aws_elastic_load_balancing, "2.1.1", "541f513d68040c5a97e7d02cb664f338c099232422f8a9dfd75256c88385d0cf", [:mix], [{:ex_aws, "~> 2.0", [hex: :ex_aws, repo: "hexpm", optional: false]}, {:poison, ">= 1.2.0", [hex: :poison, repo: "hexpm", optional: true]}, {:sweet_xml, "~> 0.6", [hex: :sweet_xml, repo: "hexpm", optional: true]}], "hexpm", "e9942d2bd4dd0b8dc6e5af70bde3e07f94ebc80782a68a95773fba83eec6289c"},
  "ex_aws_s3": {:hex, :ex_aws_s3, "2.4.0", "ce8decb6b523381812798396bc0e3aaa62282e1b40520125d1f4eff4abdff0f4", [:mix], [{:ex_aws, "~> 2.0", [hex: :ex_aws, repo: "hexpm", optional: false]}, {:sweet_xml, ">= 0.0.0", [hex: :sweet_xml, repo: "hexpm", optional: true]}], "hexpm", "85dda6e27754d94582869d39cba3241d9ea60b6aa4167f9c88e309dc687e56bb"},
  "ex_aws_ses": {:hex, :ex_aws_ses, "2.1.1", "7324f2d0038203c70f8b9f5d0f0473a1f473b94e8eca57c84bf4b6aac04d584b", [:mix], [{:ex_aws, "~> 2.0", [hex: :ex_aws, repo: "hexpm", optional: false]}], "hexpm", "86c8a7b139533649c21c4ace6b625f7f2dd2a9190285dd1dc8e0cb9b4002dd19"},
  "ex_doc": {:hex, :ex_doc, "0.32.1", "21e40f939515373bcdc9cffe65f3b3543f05015ac6c3d01d991874129d173420", [:mix], [{:earmark_parser, "~> 1.4.39", [hex: :earmark_parser, repo: "hexpm", optional: false]}, {:makeup_c, ">= 0.1.1", [hex: :makeup_c, repo: "hexpm", optional: true]}, {:makeup_elixir, "~> 0.14", [hex: :makeup_elixir, repo: "hexpm", optional: false]}, {:makeup_erlang, "~> 0.1", [hex: :makeup_erlang, repo: "hexpm", optional: false]}], "hexpm", "5142c9db521f106d61ff33250f779807ed2a88620e472ac95dc7d59c380113da"},
  "ex_json_schema": {:hex, :ex_json_schema, "0.6.2", "de23d80478215987469c81688208fe0ff440ee0e0e6ae2268fcadbb2ff35df9d", [:mix], [], "hexpm", "2f25c57e919ffc5d6b02f2f130548284342dd6c3e99555ee0beeb9f2d2366a96"},
  "ex_maybe": {:hex, :ex_maybe, "1.1.1", "95c0188191b43bd278e876ae4f0a688922e3ca016a9efd97ee7a0b741a61b899", [:mix], [], "hexpm", "1af8c78c915c7f119a513b300a1702fc5cc9fed42d54fd85995265e4c4b763d2"},
  "expo": {:hex, :expo, "0.3.0", "13127c1d5f653b2927f2616a4c9ace5ae372efd67c7c2693b87fd0fdc30c6feb", [:mix], [], "hexpm", "fb3cd4bf012a77bc1608915497dae2ff684a06f0fa633c7afa90c4d72b881823"},
  "exprotobuf": {:hex, :exprotobuf, "1.2.17", "3003937da617f588a8fb63ebdd7b127a18d78d6502623c272076fd54c07c4de1", [:mix], [{:gpb, "~> 4.0", [hex: :gpb, repo: "hexpm", optional: false]}], "hexpm", "e07ec1e5ae6f8c1c8521450d5f6b658c8c700b1f34c70356e91ece0766f4361a"},
  "fast_local_datetime": {:hex, :fast_local_datetime, "1.0.1", "1a7babf4a7bbcadd665c635e4b585ecfb24f07349ea5391e45458f239122c4bc", [:mix], [{:tzdata, "~> 1.0", [hex: :tzdata, repo: "hexpm", optional: false]}], "hexpm", "b3ea84154c5937e3894247edb60f57635f77e5f2ec2ba4742b7522081d7acf6d"},
  "file_system": {:hex, :file_system, "0.2.10", "fb082005a9cd1711c05b5248710f8826b02d7d1784e7c3451f9c1231d4fc162d", [:mix], [], "hexpm", "41195edbfb562a593726eda3b3e8b103a309b733ad25f3d642ba49696bf715dc"},
  "finch": {:hex, :finch, "0.14.0", "619bfdee18fc135190bf590356c4bf5d5f71f916adb12aec94caa3fa9267a4bc", [:mix], [{:castore, "~> 0.1", [hex: :castore, repo: "hexpm", optional: false]}, {:mime, "~> 1.0 or ~> 2.0", [hex: :mime, repo: "hexpm", optional: false]}, {:mint, "~> 1.3", [hex: :mint, repo: "hexpm", optional: false]}, {:nimble_options, "~> 0.4", [hex: :nimble_options, repo: "hexpm", optional: false]}, {:nimble_pool, "~> 0.2.6", [hex: :nimble_pool, repo: "hexpm", optional: false]}, {:telemetry, "~> 0.4 or ~> 1.0", [hex: :telemetry, repo: "hexpm", optional: false]}], "hexpm", "5459acaf18c4fdb47a8c22fb3baff5d8173106217c8e56c5ba0b93e66501a8dd"},
  "gettext": {:hex, :gettext, "0.22.0", "a25d71ec21b1848957d9207b81fd61cb25161688d282d58bdafef74c2270bdc4", [:mix], [{:expo, "~> 0.3.0", [hex: :expo, repo: "hexpm", optional: false]}], "hexpm", "cb0675141576f73720c8e49b4f0fd3f2c69f0cd8c218202724d4aebab8c70ace"},
  "goth": {:hex, :goth, "1.3.1", "f3e08a7f23ea8992ab92d2e1d5c72ea1a8fbd2fe3a46ad1b08d0620f71374fdc", [:mix], [{:finch, "~> 0.9", [hex: :finch, repo: "hexpm", optional: false]}, {:jason, "~> 1.1", [hex: :jason, repo: "hexpm", optional: false]}, {:jose, "~> 1.10", [hex: :jose, repo: "hexpm", optional: false]}], "hexpm", "90326c2c0a7acda7fb75fc4a4f0cba84945d8fcb22694d36c9967cec8949937c"},
  "gpb": {:hex, :gpb, "4.19.7", "a0da133db34a62796cbffba8ae8210cc266a0e6303a79c5d92ceadc9bccc9cd0", [:make, :rebar3], [], "hexpm", "82d6a10474551b2c6d057082e05e2d7dfcfc1d22362f4bd5e9077456268d0578"},
  "hackney": {:hex, :hackney, "1.20.1", "8d97aec62ddddd757d128bfd1df6c5861093419f8f7a4223823537bad5d064e2", [:rebar3], [{:certifi, "~> 2.12.0", [hex: :certifi, repo: "hexpm", optional: false]}, {:idna, "~> 6.1.0", [hex: :idna, repo: "hexpm", optional: false]}, {:metrics, "~> 1.0.0", [hex: :metrics, repo: "hexpm", optional: false]}, {:mimerl, "~> 1.1", [hex: :mimerl, repo: "hexpm", optional: false]}, {:parse_trans, "3.4.1", [hex: :parse_trans, repo: "hexpm", optional: false]}, {:ssl_verify_fun, "~> 1.1.0", [hex: :ssl_verify_fun, repo: "hexpm", optional: false]}, {:unicode_util_compat, "~> 0.7.0", [hex: :unicode_util_compat, repo: "hexpm", optional: false]}], "hexpm", "fe9094e5f1a2a2c0a7d10918fee36bfec0ec2a979994cff8cfe8058cd9af38e3"},
  "hpax": {:hex, :hpax, "0.1.2", "09a75600d9d8bbd064cdd741f21fc06fc1f4cf3d0fcc335e5aa19be1a7235c84", [:mix], [], "hexpm", "2c87843d5a23f5f16748ebe77969880e29809580efdaccd615cd3bed628a8c13"},
  "httpoison": {:hex, :httpoison, "2.0.0", "d38b091f5e481e45cc700aba8121ce49b66d348122a097c9fbc2dc6876d88090", [:mix], [{:hackney, "~> 1.17", [hex: :hackney, repo: "hexpm", optional: false]}], "hexpm", "f1253bf455be73a4c3f6ae3407e7e3cf6fc91934093e056d737a0566126e2930"},
  "idna": {:hex, :idna, "6.1.1", "8a63070e9f7d0c62eb9d9fcb360a7de382448200fbbd1b106cc96d3d8099df8d", [:rebar3], [{:unicode_util_compat, "~> 0.7.0", [hex: :unicode_util_compat, repo: "hexpm", optional: false]}], "hexpm", "92376eb7894412ed19ac475e4a86f7b413c1b9fbb5bd16dccd57934157944cea"},
  "inflex": {:hex, :inflex, "1.10.0", "8366a7696e70e1813aca102e61274addf85d99f4a072b2f9c7984054ea1b9d29", [:mix], [], "hexpm", "7b5ccb9b720c26516f5962dc4565fc26f083ca107b0f6c167048506a125d2df3"},
  "ja_serializer": {:git, "https://github.com/mbta/ja_serializer.git", "efb1d4489809e31e4b54b4af9e85f0b3ceeb650b", [branch: "master"]},
  "jason": {:hex, :jason, "1.4.1", "af1504e35f629ddcdd6addb3513c3853991f694921b1b9368b0bd32beb9f1b63", [:mix], [{:decimal, "~> 1.0 or ~> 2.0", [hex: :decimal, repo: "hexpm", optional: true]}], "hexpm", "fbb01ecdfd565b56261302f7e1fcc27c4fb8f32d56eab74db621fc154604a7a1"},
  "jose": {:hex, :jose, "1.11.9", "c861eb99d9e9f62acd071dc5a49ffbeab9014e44490cd85ea3e49e3d36184777", [:mix, :rebar3], [], "hexpm", "b5ccc3749d2e1638c26bed806259df5bc9e438797fe60dc71e9fa0716133899b"},
  "lasso": {:hex, :lasso, "0.1.1-pre", "bd3e561a861ede09e5531b4b82f021f3ceb94545c05806a073432898b0f65418", [:mix], [{:bandit, "~> 1.0-pre", [hex: :bandit, repo: "hexpm", optional: false]}, {:thousand_island, "~> 1.0-pre", [hex: :thousand_island, repo: "hexpm", optional: false]}], "hexpm", "85eaeceeb0821d7cea1a1df307e2ca45d40e1273ae6ab2bbf45e53c0be26cf2f"},
  "lcov_ex": {:hex, :lcov_ex, "0.3.1", "5356fdd78fc52cb0fedb7070ed477bb7fb78db062216b15993592c6f5ab66b0d", [:mix], [], "hexpm", "9ae50bbd519cd196428251b703e27160f7ce3568ff793bbd81a66d73a0867b05"},
  "logster": {:hex, :logster, "1.1.1", "d6fddac540dd46adde0c894024500867fe63b0043713f842c62da5815e21db10", [:mix], [{:jason, "~> 1.1", [hex: :jason, repo: "hexpm", optional: false]}, {:plug, "~> 1.0", [hex: :plug, repo: "hexpm", optional: false]}], "hexpm", "d18e852c430812ad1c9756998ebe46ec814c724e6eb551a512d7e3f8dee24cef"},
  "mail": {:hex, :mail, "0.2.3", "2c6bb5f8a5f74845fa50ecd0fb45ea16b164026f285f45104f1c4c078cd616d4", [:mix], [], "hexpm", "932b398fa9c69fdf290d7ff63175826e0f1e24414d5b0763bb00a2acfc6c6bf5"},
  "makeup": {:hex, :makeup, "1.1.1", "fa0bc768698053b2b3869fa8a62616501ff9d11a562f3ce39580d60860c3a55e", [:mix], [{:nimble_parsec, "~> 1.2.2 or ~> 1.3", [hex: :nimble_parsec, repo: "hexpm", optional: false]}], "hexpm", "5dc62fbdd0de44de194898b6710692490be74baa02d9d108bc29f007783b0b48"},
  "makeup_elixir": {:hex, :makeup_elixir, "0.16.2", "627e84b8e8bf22e60a2579dad15067c755531fea049ae26ef1020cad58fe9578", [:mix], [{:makeup, "~> 1.0", [hex: :makeup, repo: "hexpm", optional: false]}, {:nimble_parsec, "~> 1.2.3 or ~> 1.3", [hex: :nimble_parsec, repo: "hexpm", optional: false]}], "hexpm", "41193978704763f6bbe6cc2758b84909e62984c7752b3784bd3c218bb341706b"},
  "makeup_erlang": {:hex, :makeup_erlang, "0.1.5", "e0ff5a7c708dda34311f7522a8758e23bfcd7d8d8068dc312b5eb41c6fd76eba", [:mix], [{:makeup, "~> 1.0", [hex: :makeup, repo: "hexpm", optional: false]}], "hexpm", "94d2e986428585a21516d7d7149781480013c56e30c6a233534bedf38867a59a"},
  "matrix_reloaded": {:hex, :matrix_reloaded, "2.3.0", "eea41bc6713021f8f51dde0c2d6b72e695a99098753baebf0760e10aed8fa777", [:mix], [{:ex_maybe, "~> 1.0", [hex: :ex_maybe, repo: "hexpm", optional: false]}, {:result, "~> 1.7", [hex: :result, repo: "hexpm", optional: false]}], "hexpm", "4013c0cebe5dfffc8f2316675b642fb2f5a1dfc4bdc40d2c0dfa0563358fa496"},
  "memcachex": {:hex, :memcachex, "0.5.5", "8013536baa9d1a14719d21ca69b032449027bfb26e6a52bc2375f9bd43bcf81d", [:mix], [{:connection, "~> 1.0", [hex: :connection, repo: "hexpm", optional: false]}, {:poison, "~> 2.1 or ~> 3.0 or ~> 4.0", [hex: :poison, repo: "hexpm", optional: true]}, {:telemetry, "~> 0.4.0 or ~> 1.0", [hex: :telemetry, repo: "hexpm", optional: false]}], "hexpm", "0a398bbd49a6e722a39a9c0f143c01a7bf19dc359939e0b0dc6e144022aa21d9"},
  "metrics": {:hex, :metrics, "1.0.1", "25f094dea2cda98213cecc3aeff09e940299d950904393b2a29d191c346a8486", [:rebar3], [], "hexpm", "69b09adddc4f74a40716ae54d140f93beb0fb8978d8636eaded0c31b6f099f16"},
  "mime": {:hex, :mime, "1.6.0", "dabde576a497cef4bbdd60aceee8160e02a6c89250d6c0b29e56c0dfb00db3d2", [:mix], [], "hexpm", "31a1a8613f8321143dde1dafc36006a17d28d02bdfecb9e95a880fa7aabd19a7"},
  "mimerl": {:hex, :mimerl, "1.3.0", "d0cd9fc04b9061f82490f6581e0128379830e78535e017f7780f37fea7545726", [:rebar3], [], "hexpm", "a1e15a50d1887217de95f0b9b0793e32853f7c258a5cd227650889b38839fe9d"},
  "mint": {:hex, :mint, "1.4.2", "50330223429a6e1260b2ca5415f69b0ab086141bc76dc2fbf34d7c389a6675b2", [:mix], [{:castore, "~> 0.1.0", [hex: :castore, repo: "hexpm", optional: true]}, {:hpax, "~> 0.1.1", [hex: :hpax, repo: "hexpm", optional: false]}], "hexpm", "ce75a5bbcc59b4d7d8d70f8b2fc284b1751ffb35c7b6a6302b5192f8ab4ddd80"},
  "mix_audit": {:hex, :mix_audit, "2.1.0", "3c0dafb29114dffcdb508164a3d35311a9ac2c5baeba6495c9cd5315c25902b9", [:make, :mix], [{:jason, "~> 1.1", [hex: :jason, repo: "hexpm", optional: false]}, {:yaml_elixir, "~> 2.9", [hex: :yaml_elixir, repo: "hexpm", optional: false]}], "hexpm", "14c57a23e0a5f652c1e7f6e8dab93f166f66d63bd0c85f97278f5972b14e2be0"},
  "mox": {:hex, :mox, "1.0.2", "dc2057289ac478b35760ba74165b4b3f402f68803dd5aecd3bfd19c183815d64", [:mix], [], "hexpm", "f9864921b3aaf763c8741b5b8e6f908f44566f1e427b2630e89e9a73b981fef2"},
  "nimble_csv": {:hex, :nimble_csv, "1.2.0", "4e26385d260c61eba9d4412c71cea34421f296d5353f914afe3f2e71cce97722", [:mix], [], "hexpm", "d0628117fcc2148178b034044c55359b26966c6eaa8e2ce15777be3bbc91b12a"},
  "nimble_options": {:hex, :nimble_options, "0.5.2", "42703307b924880f8c08d97719da7472673391905f528259915782bb346e0a1b", [:mix], [], "hexpm", "4da7f904b915fd71db549bcdc25f8d56f378ef7ae07dc1d372cbe72ba950dce0"},
  "nimble_parsec": {:hex, :nimble_parsec, "1.4.0", "51f9b613ea62cfa97b25ccc2c1b4216e81df970acd8e16e8d1bdc58fef21370d", [:mix], [], "hexpm", "9c565862810fb383e9838c1dd2d7d2c437b3d13b267414ba6af33e50d2d1cf28"},
  "nimble_pool": {:hex, :nimble_pool, "0.2.6", "91f2f4c357da4c4a0a548286c84a3a28004f68f05609b4534526871a22053cde", [:mix], [], "hexpm", "1c715055095d3f2705c4e236c18b618420a35490da94149ff8b580a2144f653f"},
  "nimble_totp": {:hex, :nimble_totp, "1.0.0", "79753bae6ce59fd7cacdb21501a1dbac249e53a51c4cd22b34fa8438ee067283", [:mix], [], "hexpm", "6ce5e4c068feecdb782e85b18237f86f66541523e6bad123e02ee1adbe48eda9"},
  "parse_trans": {:hex, :parse_trans, "3.4.1", "6e6aa8167cb44cc8f39441d05193be6e6f4e7c2946cb2759f015f8c56b76e5ff", [:rebar3], [], "hexpm", "620a406ce75dada827b82e453c19cf06776be266f5a67cff34e1ef2cbb60e49a"},
  "phoenix": {:hex, :phoenix, "1.7.11", "1d88fc6b05ab0c735b250932c4e6e33bfa1c186f76dcf623d8dd52f07d6379c7", [:mix], [{:castore, ">= 0.0.0", [hex: :castore, repo: "hexpm", optional: false]}, {:jason, "~> 1.0", [hex: :jason, repo: "hexpm", optional: true]}, {:phoenix_pubsub, "~> 2.1", [hex: :phoenix_pubsub, repo: "hexpm", optional: false]}, {:phoenix_template, "~> 1.0", [hex: :phoenix_template, repo: "hexpm", optional: false]}, {:phoenix_view, "~> 2.0", [hex: :phoenix_view, repo: "hexpm", optional: true]}, {:plug, "~> 1.14", [hex: :plug, repo: "hexpm", optional: false]}, {:plug_cowboy, "~> 2.7", [hex: :plug_cowboy, repo: "hexpm", optional: true]}, {:plug_crypto, "~> 1.2 or ~> 2.0", [hex: :plug_crypto, repo: "hexpm", optional: false]}, {:telemetry, "~> 0.4 or ~> 1.0", [hex: :telemetry, repo: "hexpm", optional: false]}, {:websock_adapter, "~> 0.5.3", [hex: :websock_adapter, repo: "hexpm", optional: false]}], "hexpm", "b1ec57f2e40316b306708fe59b92a16b9f6f4bf50ccfa41aa8c7feb79e0ec02a"},
  "phoenix_html": {:hex, :phoenix_html, "3.3.3", "380b8fb45912b5638d2f1d925a3771b4516b9a78587249cabe394e0a5d579dc9", [:mix], [{:plug, "~> 1.5", [hex: :plug, repo: "hexpm", optional: true]}], "hexpm", "923ebe6fec6e2e3b3e569dfbdc6560de932cd54b000ada0208b5f45024bdd76c"},
  "phoenix_live_view": {:hex, :phoenix_live_view, "0.20.7", "278804219cc85e00f59a02a07b8ea591d99b219877a3b984fb77ac3fdebfb696", [:mix], [{:jason, "~> 1.0", [hex: :jason, repo: "hexpm", optional: true]}, {:phoenix, "~> 1.6.15 or ~> 1.7.0", [hex: :phoenix, repo: "hexpm", optional: false]}, {:phoenix_html, "~> 3.3 or ~> 4.0", [hex: :phoenix_html, repo: "hexpm", optional: false]}, {:phoenix_template, "~> 1.0", [hex: :phoenix_template, repo: "hexpm", optional: false]}, {:phoenix_view, "~> 2.0", [hex: :phoenix_view, repo: "hexpm", optional: true]}, {:plug, "~> 1.15", [hex: :plug, repo: "hexpm", optional: false]}, {:telemetry, "~> 0.4.2 or ~> 1.0", [hex: :telemetry, repo: "hexpm", optional: false]}], "hexpm", "4d533f5d6b09c6ff4fb1f41d61dcd90c7f076f25909d4a5481d71bd442b83dc9"},
  "phoenix_pubsub": {:hex, :phoenix_pubsub, "2.1.3", "3168d78ba41835aecad272d5e8cd51aa87a7ac9eb836eabc42f6e57538e3731d", [:mix], [], "hexpm", "bba06bc1dcfd8cb086759f0edc94a8ba2bc8896d5331a1e2c2902bf8e36ee502"},
  "phoenix_swagger": {:hex, :phoenix_swagger, "0.8.2", "cc49d9641d7e7c87766ba800110ff67d2fb55379f83982ee33d85d1e0b39d100", [:mix], [{:ex_json_schema, "~> 0.6", [hex: :ex_json_schema, repo: "hexpm", optional: true]}, {:jason, "~> 1.0", [hex: :jason, repo: "hexpm", optional: true]}, {:plug, "~> 1.4", [hex: :plug, repo: "hexpm", optional: false]}, {:poison, "~> 2.2 or ~> 3.0", [hex: :poison, repo: "hexpm", optional: true]}], "hexpm", "e6d177764d75d388b199a863c5f7502ac8c202cd3fca61220807cbdcb31efef2"},
  "phoenix_template": {:hex, :phoenix_template, "1.0.4", "e2092c132f3b5e5b2d49c96695342eb36d0ed514c5b252a77048d5969330d639", [:mix], [{:phoenix_html, "~> 2.14.2 or ~> 3.0 or ~> 4.0", [hex: :phoenix_html, repo: "hexpm", optional: true]}], "hexpm", "2c0c81f0e5c6753faf5cca2f229c9709919aba34fab866d3bc05060c9c444206"},
  "phoenix_view": {:hex, :phoenix_view, "2.0.3", "4d32c4817fce933693741deeb99ef1392619f942633dde834a5163124813aad3", [:mix], [{:phoenix_html, "~> 2.14.2 or ~> 3.0 or ~> 4.0", [hex: :phoenix_html, repo: "hexpm", optional: true]}, {:phoenix_template, "~> 1.0", [hex: :phoenix_template, repo: "hexpm", optional: false]}], "hexpm", "cd34049af41be2c627df99cd4eaa71fc52a328c0c3d8e7d4aa28f880c30e7f64"},
  "plug": {:hex, :plug, "1.16.0", "1d07d50cb9bb05097fdf187b31cf087c7297aafc3fed8299aac79c128a707e47", [:mix], [{:mime, "~> 1.0 or ~> 2.0", [hex: :mime, repo: "hexpm", optional: false]}, {:plug_crypto, "~> 1.1.1 or ~> 1.2 or ~> 2.0", [hex: :plug_crypto, repo: "hexpm", optional: false]}, {:telemetry, "~> 0.4.3 or ~> 1.0", [hex: :telemetry, repo: "hexpm", optional: false]}], "hexpm", "cbf53aa1f5c4d758a7559c0bd6d59e286c2be0c6a1fac8cc3eee2f638243b93e"},
  "plug_crypto": {:hex, :plug_crypto, "2.1.0", "f44309c2b06d249c27c8d3f65cfe08158ade08418cf540fd4f72d4d6863abb7b", [:mix], [], "hexpm", "131216a4b030b8f8ce0f26038bc4421ae60e4bb95c5cf5395e1421437824c4fa"},
  "pngex": {:hex, :pngex, "0.1.2", "824c2da291fda236397729f236b29f87b98a434d58124ea9f7fa03d3b3cf8587", [:mix], [], "hexpm", "9f9f2d9aa286d03f6c317017a09e1b548fa0aa6b901291e24dbf65d8212b22b0"},
  "poison": {:hex, :poison, "3.1.0", "d9eb636610e096f86f25d9a46f35a9facac35609a7591b3be3326e99a0484665", [:mix], [], "hexpm", "fec8660eb7733ee4117b85f55799fd3833eb769a6df71ccf8903e8dc5447cfce"},
  "polyline": {:hex, :polyline, "1.3.0", "58b9c268b100486df504b8af9b0d341107f733227a8f8095ed457d14d721d614", [:mix], [{:vector, "~> 1.0", [hex: :vector, repo: "hexpm", optional: false]}], "hexpm", "ab37fc3ab073c32fcd3f7c5711c2c20328b750ee27a4f4fab73541afc7242f8b"},
  "proper": {:hex, :proper, "1.4.0", "89a44b8c39d28bb9b4be8e4d715d534905b325470f2e0ec5e004d12484a79434", [:rebar3], [], "hexpm", "18285842185bd33efbda97d134a5cb5a0884384db36119fee0e3cfa488568cbb"},
  "qr_code": {:hex, :qr_code, "3.0.0", "6891a30034102dd7926a98aa1001244e9f87bd618920d8c4a581e76779f441fb", [:mix], [{:ex_maybe, "~> 1.1.1", [hex: :ex_maybe, repo: "hexpm", optional: false]}, {:matrix_reloaded, "~> 2.3", [hex: :matrix_reloaded, repo: "hexpm", optional: false]}, {:pngex, "~> 0.1.0", [hex: :pngex, repo: "hexpm", optional: false]}, {:result, "~> 1.7", [hex: :result, repo: "hexpm", optional: false]}, {:xml_builder, "~> 2.2", [hex: :xml_builder, repo: "hexpm", optional: false]}], "hexpm", "1f28328edb3ef43ce36d602d49ad840834dfbe7351c1d4d7748a2ec926003a89"},
  "recaptcha": {:git, "https://github.com/samueljseay/recaptcha.git", "71cd746be987f6834c1a933f5d2f934350e55060", [tag: "71cd746"]},
  "result": {:hex, :result, "1.7.2", "a57c569f7cf5c158d2299d3b5624a48b69bd1520d0771dc711bcf9f3916e8ab6", [:mix], [], "hexpm", "89f98e98cfbf64237ecf4913aa36b76b80463e087775d19953dc4b435a35f087"},
  "rstar": {:git, "https://github.com/armon/erl-rstar.git", "a406b2cce609029bf65b9ccfbe93a0416c0ee0cd", []},
  "sentry": {:hex, :sentry, "8.1.0", "8d235b62fce5f8e067ea1644e30939405b71a5e1599d9529ff82899d11d03f2b", [:mix], [{:hackney, "~> 1.8", [hex: :hackney, repo: "hexpm", optional: true]}, {:jason, "~> 1.1", [hex: :jason, repo: "hexpm", optional: true]}, {:plug, "~> 1.6", [hex: :plug, repo: "hexpm", optional: true]}, {:plug_cowboy, "~> 2.3", [hex: :plug_cowboy, repo: "hexpm", optional: true]}], "hexpm", "f9fc7641ef61e885510f5e5963c2948b9de1de597c63f781e9d3d6c9c8681ab4"},
  "sobelow": {:hex, :sobelow, "0.13.0", "218afe9075904793f5c64b8837cc356e493d88fddde126a463839351870b8d1e", [:mix], [{:jason, "~> 1.0", [hex: :jason, repo: "hexpm", optional: false]}], "hexpm", "cd6e9026b85fc35d7529da14f95e85a078d9dd1907a9097b3ba6ac7ebbe34a0d"},
  "ssl_verify_fun": {:hex, :ssl_verify_fun, "1.1.7", "354c321cf377240c7b8716899e182ce4890c5938111a1296add3ec74cf1715df", [:make, :mix, :rebar3], [], "hexpm", "fe4c190e8f37401d30167c8c405eda19469f34577987c76dde613e838bbc67f8"},
  "stream_data": {:hex, :stream_data, "0.5.0", "b27641e58941685c75b353577dc602c9d2c12292dd84babf506c2033cd97893e", [:mix], [], "hexpm", "012bd2eec069ada4db3411f9115ccafa38540a3c78c4c0349f151fc761b9e271"},
  "sweet_xml": {:hex, :sweet_xml, "0.7.4", "a8b7e1ce7ecd775c7e8a65d501bc2cd933bff3a9c41ab763f5105688ef485d08", [:mix], [], "hexpm", "e7c4b0bdbf460c928234951def54fe87edf1a170f6896675443279e2dbeba167"},
  "telemetry": {:hex, :telemetry, "1.2.1", "68fdfe8d8f05a8428483a97d7aab2f268aaff24b49e0f599faa091f1d4e7f61c", [:rebar3], [], "hexpm", "dad9ce9d8effc621708f99eac538ef1cbe05d6a874dd741de2e689c47feafed5"},
  "thousand_island": {:hex, :thousand_island, "1.3.2", "bc27f9afba6e1a676dd36507d42e429935a142cf5ee69b8e3f90bff1383943cd", [:mix], [{:telemetry, "~> 0.4 or ~> 1.0", [hex: :telemetry, repo: "hexpm", optional: false]}], "hexpm", "0e085b93012cd1057b378fce40cbfbf381ff6d957a382bfdd5eca1a98eec2535"},
  "timex": {:hex, :timex, "3.7.9", "790cdfc4acfce434e442f98c02ea6d84d0239073bfd668968f82ac63e9a6788d", [:mix], [{:combine, "~> 0.10", [hex: :combine, repo: "hexpm", optional: false]}, {:gettext, "~> 0.10", [hex: :gettext, repo: "hexpm", optional: false]}, {:tzdata, "~> 1.1", [hex: :tzdata, repo: "hexpm", optional: false]}], "hexpm", "64691582e5bb87130f721fc709acfb70f24405833998fabf35be968984860ce1"},
  "tzdata": {:hex, :tzdata, "1.1.1", "20c8043476dfda8504952d00adac41c6eda23912278add38edc140ae0c5bcc46", [:mix], [{:hackney, "~> 1.17", [hex: :hackney, repo: "hexpm", optional: false]}], "hexpm", "a69cec8352eafcd2e198dea28a34113b60fdc6cb57eb5ad65c10292a6ba89787"},
  "unicode_util_compat": {:hex, :unicode_util_compat, "0.7.0", "bc84380c9ab48177092f43ac89e4dfa2c6d62b40b8bd132b1059ecc7232f9a78", [:rebar3], [], "hexpm", "25eee6d67df61960cf6a794239566599b09e17e668d3700247bc498638152521"},
  "uuid": {:hex, :uuid, "1.1.8", "e22fc04499de0de3ed1116b770c7737779f226ceefa0badb3592e64d5cfb4eb9", [:mix], [], "hexpm", "c790593b4c3b601f5dc2378baae7efaf5b3d73c4c6456ba85759905be792f2ac"},
  "vector": {:hex, :vector, "1.1.0", "0789b5e00e9c551d8d5880acab9a8f44ed46690d083af397018bf0c7f30c1092", [:mix], [], "hexpm", "48b0a800ec88e55b12c689b09100e4c9ba41ea1befb459221c085a4e70040696"},
  "websock": {:hex, :websock, "0.5.3", "2f69a6ebe810328555b6fe5c831a851f485e303a7c8ce6c5f675abeb20ebdadc", [:mix], [], "hexpm", "6105453d7fac22c712ad66fab1d45abdf049868f253cf719b625151460b8b453"},
  "websock_adapter": {:hex, :websock_adapter, "0.5.5", "9dfeee8269b27e958a65b3e235b7e447769f66b5b5925385f5a569269164a210", [:mix], [{:bandit, ">= 0.6.0", [hex: :bandit, repo: "hexpm", optional: true]}, {:plug, "~> 1.14", [hex: :plug, repo: "hexpm", optional: false]}, {:plug_cowboy, "~> 2.6", [hex: :plug_cowboy, repo: "hexpm", optional: true]}, {:websock, "~> 0.5", [hex: :websock, repo: "hexpm", optional: false]}], "hexpm", "4b977ba4a01918acbf77045ff88de7f6972c2a009213c515a445c48f224ffce9"},
  "xml_builder": {:hex, :xml_builder, "2.2.0", "cc5f1eeefcfcde6e90a9b77fb6c490a20bc1b856a7010ce6396f6da9719cbbab", [:mix], [], "hexpm", "9d66d52fb917565d358166a4314078d39ef04d552904de96f8e73f68f64a62c9"},
  "yamerl": {:hex, :yamerl, "0.10.0", "4ff81fee2f1f6a46f1700c0d880b24d193ddb74bd14ef42cb0bcf46e81ef2f8e", [:rebar3], [], "hexpm", "346adb2963f1051dc837a2364e4acf6eb7d80097c0f53cbdc3046ec8ec4b4e6e"},
  "yaml_elixir": {:hex, :yaml_elixir, "2.9.0", "9a256da867b37b8d2c1ffd5d9de373a4fda77a32a45b452f1708508ba7bbcb53", [:mix], [{:yamerl, "~> 0.10", [hex: :yamerl, repo: "hexpm", optional: false]}], "hexpm", "0cb0e7d4c56f5e99a6253ed1a670ed0e39c13fc45a6da054033928607ac08dfc"},
}
